
Microsoft Visual Studio Solution File, Format Version 12.00
# Visual Studio Version 17
VisualStudioVersion = 17.1.32407.343
MinimumVisualStudioVersion = 10.0.40219.1
Project("{FAE04EC0-301F-11D3-BF4B-00C04F79EFBC}") = "MoreProgramsCSharp", "MoreProgramsCSharp\MoreProgramsCSharp.csproj", "{552A2D5B-EA7C-4CA6-9E8B-1316929D783F}"
EndProject
Global
	GlobalSection(SolutionConfigurationPlatforms) = preSolution
		Debug|Any CPU = Debug|Any CPU
		Release|Any CPU = Release|Any CPU
	EndGlobalSection
	GlobalSection(ProjectConfigurationPlatforms) = postSolution
		{552A2D5B-EA7C-4CA6-9E8B-1316929D783F}.Debug|Any CPU.ActiveCfg = Debug|Any CPU
		{552A2D5B-EA7C-4CA6-9E8B-1316929D783F}.Debug|Any CPU.Build.0 = Debug|Any CPU
		{552A2D5B-EA7C-4CA6-9E8B-1316929D783F}.Release|Any CPU.ActiveCfg = Release|Any CPU
		{552A2D5B-EA7C-4CA6-9E8B-1316929D783F}.Release|Any CPU.Build.0 = Release|Any CPU
	EndGlobalSection
	GlobalSection(SolutionProperties) = preSolution
		HideSolutionNode = FALSE
	EndGlobalSection
	GlobalSection(ExtensibilityGlobals) = postSolution
		SolutionGuid = {CBE988C6-6E41-4248-8DF3-B6C0376D99B8}
	EndGlobalSection
EndGlobal
