
Microsoft Visual Studio Solution File, Format Version 12.00
# Visual Studio 15
VisualStudioVersion = 15.0.26124.0
MinimumVisualStudioVersion = 15.0.26124.0
Project("{FAE04EC0-301F-11D3-BF4B-00C04F79EFBC}") = "RestaurantReviews.Library", "RestaurantReviews.Library\RestaurantReviews.Library.csproj", "{088C458C-A178-40BA-8AD5-5F4AEFC9090B}"
EndProject
Project("{FAE04EC0-301F-11D3-BF4B-00C04F79EFBC}") = "RestaurantReviews.Testing", "RestaurantReviews.Testing\RestaurantReviews.Testing.csproj", "{DAB4F59C-46E8-4698-8DA9-2B42B5BE213C}"
EndProject
Project("{FAE04EC0-301F-11D3-BF4B-00C04F79EFBC}") = "RestaurantReviews.ConsoleApp", "RestaurantReviews.ConsoleApp\RestaurantReviews.ConsoleApp.csproj", "{FCD426FC-3A35-4C04-A509-5AA7C400221F}"
EndProject
Global
	GlobalSection(SolutionConfigurationPlatforms) = preSolution
		Debug|Any CPU = Debug|Any CPU
		Debug|x64 = Debug|x64
		Debug|x86 = Debug|x86
		Release|Any CPU = Release|Any CPU
		Release|x64 = Release|x64
		Release|x86 = Release|x86
	EndGlobalSection
	GlobalSection(SolutionProperties) = preSolution
		HideSolutionNode = FALSE
	EndGlobalSection
	GlobalSection(ProjectConfigurationPlatforms) = postSolution
		{088C458C-A178-40BA-8AD5-5F4AEFC9090B}.Debug|Any CPU.ActiveCfg = Debug|Any CPU
		{088C458C-A178-40BA-8AD5-5F4AEFC9090B}.Debug|Any CPU.Build.0 = Debug|Any CPU
		{088C458C-A178-40BA-8AD5-5F4AEFC9090B}.Debug|x64.ActiveCfg = Debug|Any CPU
		{088C458C-A178-40BA-8AD5-5F4AEFC9090B}.Debug|x64.Build.0 = Debug|Any CPU
		{088C458C-A178-40BA-8AD5-5F4AEFC9090B}.Debug|x86.ActiveCfg = Debug|Any CPU
		{088C458C-A178-40BA-8AD5-5F4AEFC9090B}.Debug|x86.Build.0 = Debug|Any CPU
		{088C458C-A178-40BA-8AD5-5F4AEFC9090B}.Release|Any CPU.ActiveCfg = Release|Any CPU
		{088C458C-A178-40BA-8AD5-5F4AEFC9090B}.Release|Any CPU.Build.0 = Release|Any CPU
		{088C458C-A178-40BA-8AD5-5F4AEFC9090B}.Release|x64.ActiveCfg = Release|Any CPU
		{088C458C-A178-40BA-8AD5-5F4AEFC9090B}.Release|x64.Build.0 = Release|Any CPU
		{088C458C-A178-40BA-8AD5-5F4AEFC9090B}.Release|x86.ActiveCfg = Release|Any CPU
		{088C458C-A178-40BA-8AD5-5F4AEFC9090B}.Release|x86.Build.0 = Release|Any CPU
		{DAB4F59C-46E8-4698-8DA9-2B42B5BE213C}.Debug|Any CPU.ActiveCfg = Debug|Any CPU
		{DAB4F59C-46E8-4698-8DA9-2B42B5BE213C}.Debug|Any CPU.Build.0 = Debug|Any CPU
		{DAB4F59C-46E8-4698-8DA9-2B42B5BE213C}.Debug|x64.ActiveCfg = Debug|Any CPU
		{DAB4F59C-46E8-4698-8DA9-2B42B5BE213C}.Debug|x64.Build.0 = Debug|Any CPU
		{DAB4F59C-46E8-4698-8DA9-2B42B5BE213C}.Debug|x86.ActiveCfg = Debug|Any CPU
		{DAB4F59C-46E8-4698-8DA9-2B42B5BE213C}.Debug|x86.Build.0 = Debug|Any CPU
		{DAB4F59C-46E8-4698-8DA9-2B42B5BE213C}.Release|Any CPU.ActiveCfg = Release|Any CPU
		{DAB4F59C-46E8-4698-8DA9-2B42B5BE213C}.Release|Any CPU.Build.0 = Release|Any CPU
		{DAB4F59C-46E8-4698-8DA9-2B42B5BE213C}.Release|x64.ActiveCfg = Release|Any CPU
		{DAB4F59C-46E8-4698-8DA9-2B42B5BE213C}.Release|x64.Build.0 = Release|Any CPU
		{DAB4F59C-46E8-4698-8DA9-2B42B5BE213C}.Release|x86.ActiveCfg = Release|Any CPU
		{DAB4F59C-46E8-4698-8DA9-2B42B5BE213C}.Release|x86.Build.0 = Release|Any CPU
		{FCD426FC-3A35-4C04-A509-5AA7C400221F}.Debug|Any CPU.ActiveCfg = Debug|Any CPU
		{FCD426FC-3A35-4C04-A509-5AA7C400221F}.Debug|Any CPU.Build.0 = Debug|Any CPU
		{FCD426FC-3A35-4C04-A509-5AA7C400221F}.Debug|x64.ActiveCfg = Debug|Any CPU
		{FCD426FC-3A35-4C04-A509-5AA7C400221F}.Debug|x64.Build.0 = Debug|Any CPU
		{FCD426FC-3A35-4C04-A509-5AA7C400221F}.Debug|x86.ActiveCfg = Debug|Any CPU
		{FCD426FC-3A35-4C04-A509-5AA7C400221F}.Debug|x86.Build.0 = Debug|Any CPU
		{FCD426FC-3A35-4C04-A509-5AA7C400221F}.Release|Any CPU.ActiveCfg = Release|Any CPU
		{FCD426FC-3A35-4C04-A509-5AA7C400221F}.Release|Any CPU.Build.0 = Release|Any CPU
		{FCD426FC-3A35-4C04-A509-5AA7C400221F}.Release|x64.ActiveCfg = Release|Any CPU
		{FCD426FC-3A35-4C04-A509-5AA7C400221F}.Release|x64.Build.0 = Release|Any CPU
		{FCD426FC-3A35-4C04-A509-5AA7C400221F}.Release|x86.ActiveCfg = Release|Any CPU
		{FCD426FC-3A35-4C04-A509-5AA7C400221F}.Release|x86.Build.0 = Release|Any CPU
	EndGlobalSection
EndGlobal
