
Microsoft Visual Studio Solution File, Format Version 12.00
# Visual Studio Version 17
VisualStudioVersion = 17.1.32421.90
MinimumVisualStudioVersion = 10.0.40219.1
Project("{9A19103F-16F7-4668-BE54-9A1E7A4F7556}") = "Basics", "Basics.csproj", "{B14FB297-C770-4E15-90BD-8B7110365BEB}"
EndProject
Global
	GlobalSection(SolutionConfigurationPlatforms) = preSolution
		Debug|Any CPU = Debug|Any CPU
		Release|Any CPU = Release|Any CPU
	EndGlobalSection
	GlobalSection(ProjectConfigurationPlatforms) = postSolution
		{B14FB297-C770-4E15-90BD-8B7110365BEB}.Debug|Any CPU.ActiveCfg = Debug|Any CPU
		{B14FB297-C770-4E15-90BD-8B7110365BEB}.Debug|Any CPU.Build.0 = Debug|Any CPU
		{B14FB297-C770-4E15-90BD-8B7110365BEB}.Release|Any CPU.ActiveCfg = Release|Any CPU
		{B14FB297-C770-4E15-90BD-8B7110365BEB}.Release|Any CPU.Build.0 = Release|Any CPU
	EndGlobalSection
	GlobalSection(SolutionProperties) = preSolution
		HideSolutionNode = FALSE
	EndGlobalSection
	GlobalSection(ExtensibilityGlobals) = postSolution
		SolutionGuid = {EE0E5189-6463-45C9-B7FA-4121C68FE0ED}
	EndGlobalSection
EndGlobal
