
Microsoft Visual Studio Solution File, Format Version 12.00
# Visual Studio Version 16
VisualStudioVersion = 16.0.29009.5
MinimumVisualStudioVersion = 10.0.40219.1
Project("{FAE04EC0-301F-11D3-BF4B-00C04F79EFBC}") = "LaptopServiceUI", "LaptopServiceUI\LaptopServiceUI.csproj", "{1379D914-CCF7-4669-9D11-B75F0AFADA73}"
EndProject
Project("{FAE04EC0-301F-11D3-BF4B-00C04F79EFBC}") = "LaptopServiceLib", "LaptopServiceLib\LaptopServiceLib.csproj", "{2A87E0D6-08E0-4FD6-BE79-7C078394314F}"
EndProject
Global
	GlobalSection(SolutionConfigurationPlatforms) = preSolution
		Debug|Any CPU = Debug|Any CPU
		Release|Any CPU = Release|Any CPU
	EndGlobalSection
	GlobalSection(ProjectConfigurationPlatforms) = postSolution
		{1379D914-CCF7-4669-9D11-B75F0AFADA73}.Debug|Any CPU.ActiveCfg = Debug|Any CPU
		{1379D914-CCF7-4669-9D11-B75F0AFADA73}.Debug|Any CPU.Build.0 = Debug|Any CPU
		{1379D914-CCF7-4669-9D11-B75F0AFADA73}.Release|Any CPU.ActiveCfg = Release|Any CPU
		{1379D914-CCF7-4669-9D11-B75F0AFADA73}.Release|Any CPU.Build.0 = Release|Any CPU
		{2A87E0D6-08E0-4FD6-BE79-7C078394314F}.Debug|Any CPU.ActiveCfg = Debug|Any CPU
		{2A87E0D6-08E0-4FD6-BE79-7C078394314F}.Debug|Any CPU.Build.0 = Debug|Any CPU
		{2A87E0D6-08E0-4FD6-BE79-7C078394314F}.Release|Any CPU.ActiveCfg = Release|Any CPU
		{2A87E0D6-08E0-4FD6-BE79-7C078394314F}.Release|Any CPU.Build.0 = Release|Any CPU
	EndGlobalSection
	GlobalSection(SolutionProperties) = preSolution
		HideSolutionNode = FALSE
	EndGlobalSection
	GlobalSection(ExtensibilityGlobals) = postSolution
		SolutionGuid = {DBC6EC81-D3B5-4C90-9E74-C789E167188F}
	EndGlobalSection
EndGlobal
