
Microsoft Visual Studio Solution File, Format Version 12.00
# Visual Studio Version 17
VisualStudioVersion = 17.1.32407.343
MinimumVisualStudioVersion = 10.0.40219.1
Project("{9A19103F-16F7-4668-BE54-9A1E7A4F7556}") = "PokemonModels", "PokemonModels\PokemonModels.csproj", "{3555A568-E8FC-4B0E-B6E3-BE3E8EB7B663}"
EndProject
Project("{9A19103F-16F7-4668-BE54-9A1E7A4F7556}") = "PokemonBL", "PokemonBL\PokemonBL.csproj", "{E5E6E526-E868-4622-99D7-3482BF7CAB62}"
EndProject
Project("{9A19103F-16F7-4668-BE54-9A1E7A4F7556}") = "PokemonDL", "PokemonDL\PokemonDL.csproj", "{F3BBDA62-5FE7-4770-8FC9-D952C52E4B0B}"
EndProject
Project("{9A19103F-16F7-4668-BE54-9A1E7A4F7556}") = "PokemonTest", "PokemonTest\PokemonTest.csproj", "{73A2ED23-C960-4E0A-866E-43CEF807FCD7}"
EndProject
Project("{9A19103F-16F7-4668-BE54-9A1E7A4F7556}") = "PokemonApi", "PokemonApi\PokemonApi.csproj", "{F0F4DEAD-DA77-4CAE-A3B4-5274DB7F9CA5}"
EndProject
Project("{FAE04EC0-301F-11D3-BF4B-00C04F79EFBC}") = "PokemonDL-DBFirst", "PokemonDL-DBFirst\PokemonDL-DBFirst.csproj", "{BC46B74B-C8E8-40B9-A85A-FB51058F10CC}"
EndProject
Global
	GlobalSection(SolutionConfigurationPlatforms) = preSolution
		Debug|Any CPU = Debug|Any CPU
		Release|Any CPU = Release|Any CPU
	EndGlobalSection
	GlobalSection(ProjectConfigurationPlatforms) = postSolution
		{3555A568-E8FC-4B0E-B6E3-BE3E8EB7B663}.Debug|Any CPU.ActiveCfg = Debug|Any CPU
		{3555A568-E8FC-4B0E-B6E3-BE3E8EB7B663}.Debug|Any CPU.Build.0 = Debug|Any CPU
		{3555A568-E8FC-4B0E-B6E3-BE3E8EB7B663}.Release|Any CPU.ActiveCfg = Release|Any CPU
		{3555A568-E8FC-4B0E-B6E3-BE3E8EB7B663}.Release|Any CPU.Build.0 = Release|Any CPU
		{E5E6E526-E868-4622-99D7-3482BF7CAB62}.Debug|Any CPU.ActiveCfg = Debug|Any CPU
		{E5E6E526-E868-4622-99D7-3482BF7CAB62}.Debug|Any CPU.Build.0 = Debug|Any CPU
		{E5E6E526-E868-4622-99D7-3482BF7CAB62}.Release|Any CPU.ActiveCfg = Release|Any CPU
		{E5E6E526-E868-4622-99D7-3482BF7CAB62}.Release|Any CPU.Build.0 = Release|Any CPU
		{F3BBDA62-5FE7-4770-8FC9-D952C52E4B0B}.Debug|Any CPU.ActiveCfg = Debug|Any CPU
		{F3BBDA62-5FE7-4770-8FC9-D952C52E4B0B}.Debug|Any CPU.Build.0 = Debug|Any CPU
		{F3BBDA62-5FE7-4770-8FC9-D952C52E4B0B}.Release|Any CPU.ActiveCfg = Release|Any CPU
		{F3BBDA62-5FE7-4770-8FC9-D952C52E4B0B}.Release|Any CPU.Build.0 = Release|Any CPU
		{73A2ED23-C960-4E0A-866E-43CEF807FCD7}.Debug|Any CPU.ActiveCfg = Debug|Any CPU
		{73A2ED23-C960-4E0A-866E-43CEF807FCD7}.Debug|Any CPU.Build.0 = Debug|Any CPU
		{73A2ED23-C960-4E0A-866E-43CEF807FCD7}.Release|Any CPU.ActiveCfg = Release|Any CPU
		{73A2ED23-C960-4E0A-866E-43CEF807FCD7}.Release|Any CPU.Build.0 = Release|Any CPU
		{F0F4DEAD-DA77-4CAE-A3B4-5274DB7F9CA5}.Debug|Any CPU.ActiveCfg = Debug|Any CPU
		{F0F4DEAD-DA77-4CAE-A3B4-5274DB7F9CA5}.Debug|Any CPU.Build.0 = Debug|Any CPU
		{F0F4DEAD-DA77-4CAE-A3B4-5274DB7F9CA5}.Release|Any CPU.ActiveCfg = Release|Any CPU
		{F0F4DEAD-DA77-4CAE-A3B4-5274DB7F9CA5}.Release|Any CPU.Build.0 = Release|Any CPU
		{BC46B74B-C8E8-40B9-A85A-FB51058F10CC}.Debug|Any CPU.ActiveCfg = Debug|Any CPU
		{BC46B74B-C8E8-40B9-A85A-FB51058F10CC}.Debug|Any CPU.Build.0 = Debug|Any CPU
		{BC46B74B-C8E8-40B9-A85A-FB51058F10CC}.Release|Any CPU.ActiveCfg = Release|Any CPU
		{BC46B74B-C8E8-40B9-A85A-FB51058F10CC}.Release|Any CPU.Build.0 = Release|Any CPU
	EndGlobalSection
	GlobalSection(SolutionProperties) = preSolution
		HideSolutionNode = FALSE
	EndGlobalSection
	GlobalSection(ExtensibilityGlobals) = postSolution
		SolutionGuid = {9D7542A4-B485-415C-9AE0-876D719A4910}
	EndGlobalSection
EndGlobal
